
Microsoft Visual Studio Solution File, Format Version 12.00
# Visual Studio Version 17
VisualStudioVersion = 17.0.31912.275
MinimumVisualStudioVersion = 10.0.40219.1
Project("{FAE04EC0-301F-11D3-BF4B-00C04F79EFBC}") = "Lab19", "Lab19\Lab19.csproj", "{226EBD33-F8B8-4FC5-A570-02FC9C000486}"
EndProject
Global
	GlobalSection(SolutionConfigurationPlatforms) = preSolution
		Debug|Any CPU = Debug|Any CPU
		Release|Any CPU = Release|Any CPU
	EndGlobalSection
	GlobalSection(ProjectConfigurationPlatforms) = postSolution
		{226EBD33-F8B8-4FC5-A570-02FC9C000486}.Debug|Any CPU.ActiveCfg = Debug|Any CPU
		{226EBD33-F8B8-4FC5-A570-02FC9C000486}.Debug|Any CPU.Build.0 = Debug|Any CPU
		{226EBD33-F8B8-4FC5-A570-02FC9C000486}.Release|Any CPU.ActiveCfg = Release|Any CPU
		{226EBD33-F8B8-4FC5-A570-02FC9C000486}.Release|Any CPU.Build.0 = Release|Any CPU
	EndGlobalSection
	GlobalSection(SolutionProperties) = preSolution
		HideSolutionNode = FALSE
	EndGlobalSection
	GlobalSection(ExtensibilityGlobals) = postSolution
		SolutionGuid = {D3B93C64-AF9C-4674-A450-161FA5EA9A6C}
	EndGlobalSection
EndGlobal
