
Microsoft Visual Studio Solution File, Format Version 12.00
# Visual Studio Version 17
VisualStudioVersion = 17.0.31912.275
MinimumVisualStudioVersion = 10.0.40219.1
Project("{FAE04EC0-301F-11D3-BF4B-00C04F79EFBC}") = "Lab5.5", "Lab5.5\Lab5.5.csproj", "{62DB3D32-7B6F-43E5-A9B8-A767FEEA223E}"
EndProject
Global
	GlobalSection(SolutionConfigurationPlatforms) = preSolution
		Debug|Any CPU = Debug|Any CPU
		Release|Any CPU = Release|Any CPU
	EndGlobalSection
	GlobalSection(ProjectConfigurationPlatforms) = postSolution
		{62DB3D32-7B6F-43E5-A9B8-A767FEEA223E}.Debug|Any CPU.ActiveCfg = Debug|Any CPU
		{62DB3D32-7B6F-43E5-A9B8-A767FEEA223E}.Debug|Any CPU.Build.0 = Debug|Any CPU
		{62DB3D32-7B6F-43E5-A9B8-A767FEEA223E}.Release|Any CPU.ActiveCfg = Release|Any CPU
		{62DB3D32-7B6F-43E5-A9B8-A767FEEA223E}.Release|Any CPU.Build.0 = Release|Any CPU
	EndGlobalSection
	GlobalSection(SolutionProperties) = preSolution
		HideSolutionNode = FALSE
	EndGlobalSection
	GlobalSection(ExtensibilityGlobals) = postSolution
		SolutionGuid = {4A490200-9A53-41F3-B197-32FB83691BCE}
	EndGlobalSection
EndGlobal
