
Microsoft Visual Studio Solution File, Format Version 12.00
# Visual Studio Version 17
VisualStudioVersion = 17.0.31912.275
MinimumVisualStudioVersion = 10.0.40219.1
Project("{FAE04EC0-301F-11D3-BF4B-00C04F79EFBC}") = "Lab8.2", "Lab8.2\Lab8.2.csproj", "{60A00F77-5D64-421F-86ED-135F07173118}"
EndProject
Global
	GlobalSection(SolutionConfigurationPlatforms) = preSolution
		Debug|Any CPU = Debug|Any CPU
		Release|Any CPU = Release|Any CPU
	EndGlobalSection
	GlobalSection(ProjectConfigurationPlatforms) = postSolution
		{60A00F77-5D64-421F-86ED-135F07173118}.Debug|Any CPU.ActiveCfg = Debug|Any CPU
		{60A00F77-5D64-421F-86ED-135F07173118}.Debug|Any CPU.Build.0 = Debug|Any CPU
		{60A00F77-5D64-421F-86ED-135F07173118}.Release|Any CPU.ActiveCfg = Release|Any CPU
		{60A00F77-5D64-421F-86ED-135F07173118}.Release|Any CPU.Build.0 = Release|Any CPU
	EndGlobalSection
	GlobalSection(SolutionProperties) = preSolution
		HideSolutionNode = FALSE
	EndGlobalSection
	GlobalSection(ExtensibilityGlobals) = postSolution
		SolutionGuid = {1B1CDE8C-5257-4CBE-B8DB-3492E4015222}
	EndGlobalSection
EndGlobal
