
Microsoft Visual Studio Solution File, Format Version 12.00
# Visual Studio Version 17
VisualStudioVersion = 17.0.31912.275
MinimumVisualStudioVersion = 10.0.40219.1
Project("{FAE04EC0-301F-11D3-BF4B-00C04F79EFBC}") = "Lab8.1", "Lab8.1\Lab8.1.csproj", "{59714E13-A5B3-4532-9F9A-37ECE6125246}"
EndProject
Global
	GlobalSection(SolutionConfigurationPlatforms) = preSolution
		Debug|Any CPU = Debug|Any CPU
		Release|Any CPU = Release|Any CPU
	EndGlobalSection
	GlobalSection(ProjectConfigurationPlatforms) = postSolution
		{59714E13-A5B3-4532-9F9A-37ECE6125246}.Debug|Any CPU.ActiveCfg = Debug|Any CPU
		{59714E13-A5B3-4532-9F9A-37ECE6125246}.Debug|Any CPU.Build.0 = Debug|Any CPU
		{59714E13-A5B3-4532-9F9A-37ECE6125246}.Release|Any CPU.ActiveCfg = Release|Any CPU
		{59714E13-A5B3-4532-9F9A-37ECE6125246}.Release|Any CPU.Build.0 = Release|Any CPU
	EndGlobalSection
	GlobalSection(SolutionProperties) = preSolution
		HideSolutionNode = FALSE
	EndGlobalSection
	GlobalSection(ExtensibilityGlobals) = postSolution
		SolutionGuid = {0DF7E846-98A0-41CC-9990-2F742FAD5391}
	EndGlobalSection
EndGlobal
