
Microsoft Visual Studio Solution File, Format Version 12.00
# Visual Studio Version 17
VisualStudioVersion = 17.0.31912.275
MinimumVisualStudioVersion = 10.0.40219.1
Project("{FAE04EC0-301F-11D3-BF4B-00C04F79EFBC}") = "Lab22", "Lab22\Lab22.csproj", "{86720CCB-4422-45D7-9586-172BFEF847E1}"
EndProject
Project("{FAE04EC0-301F-11D3-BF4B-00C04F79EFBC}") = "Lab23", "..\Lab23\Lab23.csproj", "{DA95A6CA-61F0-42B7-9870-71C1CBCD2F28}"
EndProject
Global
	GlobalSection(SolutionConfigurationPlatforms) = preSolution
		Debug|Any CPU = Debug|Any CPU
		Release|Any CPU = Release|Any CPU
	EndGlobalSection
	GlobalSection(ProjectConfigurationPlatforms) = postSolution
		{86720CCB-4422-45D7-9586-172BFEF847E1}.Debug|Any CPU.ActiveCfg = Debug|Any CPU
		{86720CCB-4422-45D7-9586-172BFEF847E1}.Debug|Any CPU.Build.0 = Debug|Any CPU
		{86720CCB-4422-45D7-9586-172BFEF847E1}.Release|Any CPU.ActiveCfg = Release|Any CPU
		{86720CCB-4422-45D7-9586-172BFEF847E1}.Release|Any CPU.Build.0 = Release|Any CPU
		{DA95A6CA-61F0-42B7-9870-71C1CBCD2F28}.Debug|Any CPU.ActiveCfg = Debug|Any CPU
		{DA95A6CA-61F0-42B7-9870-71C1CBCD2F28}.Debug|Any CPU.Build.0 = Debug|Any CPU
		{DA95A6CA-61F0-42B7-9870-71C1CBCD2F28}.Release|Any CPU.ActiveCfg = Release|Any CPU
		{DA95A6CA-61F0-42B7-9870-71C1CBCD2F28}.Release|Any CPU.Build.0 = Release|Any CPU
	EndGlobalSection
	GlobalSection(SolutionProperties) = preSolution
		HideSolutionNode = FALSE
	EndGlobalSection
	GlobalSection(ExtensibilityGlobals) = postSolution
		SolutionGuid = {C856F617-D0EC-46F9-A194-ED85DA913498}
	EndGlobalSection
EndGlobal
