
Microsoft Visual Studio Solution File, Format Version 12.00
# Visual Studio Version 17
VisualStudioVersion = 17.0.31912.275
MinimumVisualStudioVersion = 10.0.40219.1
Project("{FAE04EC0-301F-11D3-BF4B-00C04F79EFBC}") = "Lab14", "Lab14\Lab14.csproj", "{74C48FF0-638C-45D5-B824-B89371DAD466}"
EndProject
Global
	GlobalSection(SolutionConfigurationPlatforms) = preSolution
		Debug|Any CPU = Debug|Any CPU
		Release|Any CPU = Release|Any CPU
	EndGlobalSection
	GlobalSection(ProjectConfigurationPlatforms) = postSolution
		{74C48FF0-638C-45D5-B824-B89371DAD466}.Debug|Any CPU.ActiveCfg = Debug|Any CPU
		{74C48FF0-638C-45D5-B824-B89371DAD466}.Debug|Any CPU.Build.0 = Debug|Any CPU
		{74C48FF0-638C-45D5-B824-B89371DAD466}.Release|Any CPU.ActiveCfg = Release|Any CPU
		{74C48FF0-638C-45D5-B824-B89371DAD466}.Release|Any CPU.Build.0 = Release|Any CPU
	EndGlobalSection
	GlobalSection(SolutionProperties) = preSolution
		HideSolutionNode = FALSE
	EndGlobalSection
	GlobalSection(ExtensibilityGlobals) = postSolution
		SolutionGuid = {B90B4A62-3480-49A6-B6FF-01FE0FAC7F0C}
	EndGlobalSection
EndGlobal
