
Microsoft Visual Studio Solution File, Format Version 12.00
# Visual Studio Version 17
VisualStudioVersion = 17.0.31912.275
MinimumVisualStudioVersion = 10.0.40219.1
Project("{FAE04EC0-301F-11D3-BF4B-00C04F79EFBC}") = "lab6.2", "lab6.2\lab6.2.csproj", "{7D416A7B-0D08-40FC-ADFD-7D6FAC835263}"
EndProject
Global
	GlobalSection(SolutionConfigurationPlatforms) = preSolution
		Debug|Any CPU = Debug|Any CPU
		Release|Any CPU = Release|Any CPU
	EndGlobalSection
	GlobalSection(ProjectConfigurationPlatforms) = postSolution
		{7D416A7B-0D08-40FC-ADFD-7D6FAC835263}.Debug|Any CPU.ActiveCfg = Debug|Any CPU
		{7D416A7B-0D08-40FC-ADFD-7D6FAC835263}.Debug|Any CPU.Build.0 = Debug|Any CPU
		{7D416A7B-0D08-40FC-ADFD-7D6FAC835263}.Release|Any CPU.ActiveCfg = Release|Any CPU
		{7D416A7B-0D08-40FC-ADFD-7D6FAC835263}.Release|Any CPU.Build.0 = Release|Any CPU
	EndGlobalSection
	GlobalSection(SolutionProperties) = preSolution
		HideSolutionNode = FALSE
	EndGlobalSection
	GlobalSection(ExtensibilityGlobals) = postSolution
		SolutionGuid = {D21FAC97-C895-48D6-AEB2-E6E52050F975}
	EndGlobalSection
EndGlobal
