
Microsoft Visual Studio Solution File, Format Version 12.00
# Visual Studio Version 17
VisualStudioVersion = 17.0.31912.275
MinimumVisualStudioVersion = 10.0.40219.1
Project("{FAE04EC0-301F-11D3-BF4B-00C04F79EFBC}") = "Lab20", "Lab20\Lab20.csproj", "{B12C0A86-0A93-4907-8B84-6603B5CA225D}"
EndProject
Global
	GlobalSection(SolutionConfigurationPlatforms) = preSolution
		Debug|Any CPU = Debug|Any CPU
		Release|Any CPU = Release|Any CPU
	EndGlobalSection
	GlobalSection(ProjectConfigurationPlatforms) = postSolution
		{B12C0A86-0A93-4907-8B84-6603B5CA225D}.Debug|Any CPU.ActiveCfg = Debug|Any CPU
		{B12C0A86-0A93-4907-8B84-6603B5CA225D}.Debug|Any CPU.Build.0 = Debug|Any CPU
		{B12C0A86-0A93-4907-8B84-6603B5CA225D}.Release|Any CPU.ActiveCfg = Release|Any CPU
		{B12C0A86-0A93-4907-8B84-6603B5CA225D}.Release|Any CPU.Build.0 = Release|Any CPU
	EndGlobalSection
	GlobalSection(SolutionProperties) = preSolution
		HideSolutionNode = FALSE
	EndGlobalSection
	GlobalSection(ExtensibilityGlobals) = postSolution
		SolutionGuid = {BBAE712F-FD0D-4ABC-AA1E-1BF24EB3C53D}
	EndGlobalSection
EndGlobal
