
Microsoft Visual Studio Solution File, Format Version 12.00
# Visual Studio Version 17
VisualStudioVersion = 17.0.31912.275
MinimumVisualStudioVersion = 10.0.40219.1
Project("{FAE04EC0-301F-11D3-BF4B-00C04F79EFBC}") = "Lab21", "Lab21\Lab21.csproj", "{9E82615A-9474-456F-8B41-5E4CA7024C58}"
EndProject
Global
	GlobalSection(SolutionConfigurationPlatforms) = preSolution
		Debug|Any CPU = Debug|Any CPU
		Release|Any CPU = Release|Any CPU
	EndGlobalSection
	GlobalSection(ProjectConfigurationPlatforms) = postSolution
		{9E82615A-9474-456F-8B41-5E4CA7024C58}.Debug|Any CPU.ActiveCfg = Debug|Any CPU
		{9E82615A-9474-456F-8B41-5E4CA7024C58}.Debug|Any CPU.Build.0 = Debug|Any CPU
		{9E82615A-9474-456F-8B41-5E4CA7024C58}.Release|Any CPU.ActiveCfg = Release|Any CPU
		{9E82615A-9474-456F-8B41-5E4CA7024C58}.Release|Any CPU.Build.0 = Release|Any CPU
	EndGlobalSection
	GlobalSection(SolutionProperties) = preSolution
		HideSolutionNode = FALSE
	EndGlobalSection
	GlobalSection(ExtensibilityGlobals) = postSolution
		SolutionGuid = {5DDF3768-5A42-4777-B438-CED3EC3E41BF}
	EndGlobalSection
EndGlobal
