
Microsoft Visual Studio Solution File, Format Version 12.00
# Visual Studio Version 17
VisualStudioVersion = 17.0.31912.275
MinimumVisualStudioVersion = 10.0.40219.1
Project("{FAE04EC0-301F-11D3-BF4B-00C04F79EFBC}") = "Lab6.1", "Lab6.1\Lab6.1.csproj", "{DDB8A1F4-2E81-4164-BC49-41564F3FAECF}"
EndProject
Global
	GlobalSection(SolutionConfigurationPlatforms) = preSolution
		Debug|Any CPU = Debug|Any CPU
		Release|Any CPU = Release|Any CPU
	EndGlobalSection
	GlobalSection(ProjectConfigurationPlatforms) = postSolution
		{DDB8A1F4-2E81-4164-BC49-41564F3FAECF}.Debug|Any CPU.ActiveCfg = Debug|Any CPU
		{DDB8A1F4-2E81-4164-BC49-41564F3FAECF}.Debug|Any CPU.Build.0 = Debug|Any CPU
		{DDB8A1F4-2E81-4164-BC49-41564F3FAECF}.Release|Any CPU.ActiveCfg = Release|Any CPU
		{DDB8A1F4-2E81-4164-BC49-41564F3FAECF}.Release|Any CPU.Build.0 = Release|Any CPU
	EndGlobalSection
	GlobalSection(SolutionProperties) = preSolution
		HideSolutionNode = FALSE
	EndGlobalSection
	GlobalSection(ExtensibilityGlobals) = postSolution
		SolutionGuid = {3B1F74F1-C9D0-448E-9F19-EEB960C5C23F}
	EndGlobalSection
EndGlobal
